
Microsoft Visual Studio Solution File, Format Version 12.00
# Visual Studio 14
VisualStudioVersion = 14.0.25420.1
MinimumVisualStudioVersion = 10.0.40219.1
Project("{FAE04EC0-301F-11D3-BF4B-00C04F79EFBC}") = "01. Printing", "01. Printing\01. Printing.csproj", "{92E58249-7BEA-4ED8-B09C-E83EB47AFA0E}"
EndProject
Project("{FAE04EC0-301F-11D3-BF4B-00C04F79EFBC}") = "02. Text to Number", "02. Text to Number\02. Text to Number.csproj", "{2E64F3D3-B4C6-43B1-9667-0B2D01E6D1E4}"
EndProject
Project("{FAE04EC0-301F-11D3-BF4B-00C04F79EFBC}") = "03.  Saddy Kopper", "03.  Saddy Kopper\03.  Saddy Kopper.csproj", "{9DEA8465-455E-4485-988F-7D63B0B96484}"
EndProject
Global
	GlobalSection(SolutionConfigurationPlatforms) = preSolution
		Debug|Any CPU = Debug|Any CPU
		Release|Any CPU = Release|Any CPU
	EndGlobalSection
	GlobalSection(ProjectConfigurationPlatforms) = postSolution
		{92E58249-7BEA-4ED8-B09C-E83EB47AFA0E}.Debug|Any CPU.ActiveCfg = Debug|Any CPU
		{92E58249-7BEA-4ED8-B09C-E83EB47AFA0E}.Debug|Any CPU.Build.0 = Debug|Any CPU
		{92E58249-7BEA-4ED8-B09C-E83EB47AFA0E}.Release|Any CPU.ActiveCfg = Release|Any CPU
		{92E58249-7BEA-4ED8-B09C-E83EB47AFA0E}.Release|Any CPU.Build.0 = Release|Any CPU
		{2E64F3D3-B4C6-43B1-9667-0B2D01E6D1E4}.Debug|Any CPU.ActiveCfg = Debug|Any CPU
		{2E64F3D3-B4C6-43B1-9667-0B2D01E6D1E4}.Debug|Any CPU.Build.0 = Debug|Any CPU
		{2E64F3D3-B4C6-43B1-9667-0B2D01E6D1E4}.Release|Any CPU.ActiveCfg = Release|Any CPU
		{2E64F3D3-B4C6-43B1-9667-0B2D01E6D1E4}.Release|Any CPU.Build.0 = Release|Any CPU
		{9DEA8465-455E-4485-988F-7D63B0B96484}.Debug|Any CPU.ActiveCfg = Debug|Any CPU
		{9DEA8465-455E-4485-988F-7D63B0B96484}.Debug|Any CPU.Build.0 = Debug|Any CPU
		{9DEA8465-455E-4485-988F-7D63B0B96484}.Release|Any CPU.ActiveCfg = Release|Any CPU
		{9DEA8465-455E-4485-988F-7D63B0B96484}.Release|Any CPU.Build.0 = Release|Any CPU
	EndGlobalSection
	GlobalSection(SolutionProperties) = preSolution
		HideSolutionNode = FALSE
	EndGlobalSection
EndGlobal
