
Microsoft Visual Studio Solution File, Format Version 12.00
# Visual Studio 14
VisualStudioVersion = 14.0.23107.0
MinimumVisualStudioVersion = 10.0.40219.1
Project("{FAE04EC0-301F-11D3-BF4B-00C04F79EFBC}") = "04.Hello World", "Hello World\04.Hello World.csproj", "{0FFC41D2-4E6D-441F-91CB-70BBF8499610}"
EndProject
Project("{FAE04EC0-301F-11D3-BF4B-00C04F79EFBC}") = "05.PrintMyName", "05.PrintMyName\05.PrintMyName.csproj", "{7F4E5048-EC46-4743-9566-3D41ABA042C7}"
EndProject
Global
	GlobalSection(SolutionConfigurationPlatforms) = preSolution
		Debug|Any CPU = Debug|Any CPU
		Release|Any CPU = Release|Any CPU
	EndGlobalSection
	GlobalSection(ProjectConfigurationPlatforms) = postSolution
		{0FFC41D2-4E6D-441F-91CB-70BBF8499610}.Debug|Any CPU.ActiveCfg = Debug|Any CPU
		{0FFC41D2-4E6D-441F-91CB-70BBF8499610}.Debug|Any CPU.Build.0 = Debug|Any CPU
		{0FFC41D2-4E6D-441F-91CB-70BBF8499610}.Release|Any CPU.ActiveCfg = Release|Any CPU
		{0FFC41D2-4E6D-441F-91CB-70BBF8499610}.Release|Any CPU.Build.0 = Release|Any CPU
		{7F4E5048-EC46-4743-9566-3D41ABA042C7}.Debug|Any CPU.ActiveCfg = Debug|Any CPU
		{7F4E5048-EC46-4743-9566-3D41ABA042C7}.Debug|Any CPU.Build.0 = Debug|Any CPU
		{7F4E5048-EC46-4743-9566-3D41ABA042C7}.Release|Any CPU.ActiveCfg = Release|Any CPU
		{7F4E5048-EC46-4743-9566-3D41ABA042C7}.Release|Any CPU.Build.0 = Release|Any CPU
	EndGlobalSection
	GlobalSection(SolutionProperties) = preSolution
		HideSolutionNode = FALSE
	EndGlobalSection
EndGlobal
