
Microsoft Visual Studio Solution File, Format Version 12.00
# Visual Studio 14
VisualStudioVersion = 14.0.23107.0
MinimumVisualStudioVersion = 10.0.40219.1
Project("{FAE04EC0-301F-11D3-BF4B-00C04F79EFBC}") = "06.01 Exchange numbers", "06.01 Exchange numbers\06.01 Exchange numbers.csproj", "{4FBB4E70-896E-4CBB-9FE4-4DD1899A4B90}"
EndProject
Project("{FAE04EC0-301F-11D3-BF4B-00C04F79EFBC}") = "06.02 Bonus Score", "06.02 Bonus Score\06.02 Bonus Score.csproj", "{FEC770C0-ED0D-469E-A75E-A21D761CEDEF}"
EndProject
Project("{FAE04EC0-301F-11D3-BF4B-00C04F79EFBC}") = "06.03 Play card", "06.03 Play card\06.03 Play card.csproj", "{48265314-438D-45E5-95C7-076225C4FA8A}"
EndProject
Global
	GlobalSection(SolutionConfigurationPlatforms) = preSolution
		Debug|Any CPU = Debug|Any CPU
		Release|Any CPU = Release|Any CPU
	EndGlobalSection
	GlobalSection(ProjectConfigurationPlatforms) = postSolution
		{4FBB4E70-896E-4CBB-9FE4-4DD1899A4B90}.Debug|Any CPU.ActiveCfg = Debug|Any CPU
		{4FBB4E70-896E-4CBB-9FE4-4DD1899A4B90}.Debug|Any CPU.Build.0 = Debug|Any CPU
		{4FBB4E70-896E-4CBB-9FE4-4DD1899A4B90}.Release|Any CPU.ActiveCfg = Release|Any CPU
		{4FBB4E70-896E-4CBB-9FE4-4DD1899A4B90}.Release|Any CPU.Build.0 = Release|Any CPU
		{FEC770C0-ED0D-469E-A75E-A21D761CEDEF}.Debug|Any CPU.ActiveCfg = Debug|Any CPU
		{FEC770C0-ED0D-469E-A75E-A21D761CEDEF}.Debug|Any CPU.Build.0 = Debug|Any CPU
		{FEC770C0-ED0D-469E-A75E-A21D761CEDEF}.Release|Any CPU.ActiveCfg = Release|Any CPU
		{FEC770C0-ED0D-469E-A75E-A21D761CEDEF}.Release|Any CPU.Build.0 = Release|Any CPU
		{48265314-438D-45E5-95C7-076225C4FA8A}.Debug|Any CPU.ActiveCfg = Debug|Any CPU
		{48265314-438D-45E5-95C7-076225C4FA8A}.Debug|Any CPU.Build.0 = Debug|Any CPU
		{48265314-438D-45E5-95C7-076225C4FA8A}.Release|Any CPU.ActiveCfg = Release|Any CPU
		{48265314-438D-45E5-95C7-076225C4FA8A}.Release|Any CPU.Build.0 = Release|Any CPU
	EndGlobalSection
	GlobalSection(SolutionProperties) = preSolution
		HideSolutionNode = FALSE
	EndGlobalSection
EndGlobal
