
Microsoft Visual Studio Solution File, Format Version 12.00
# Visual Studio 14
VisualStudioVersion = 14.0.23107.0
MinimumVisualStudioVersion = 10.0.40219.1
Project("{FAE04EC0-301F-11D3-BF4B-00C04F79EFBC}") = "01. Odd or Even", "01. Odd or Even\01. Odd or Even.csproj", "{B11DE933-FB13-4DC0-933A-E17C20F0CA14}"
EndProject
Project("{FAE04EC0-301F-11D3-BF4B-00C04F79EFBC}") = "02. Moon Gravity", "02. Moon Gravity\02. Moon Gravity.csproj", "{1ADAA999-E0DB-4CB2-B32E-F3F638C7E439}"
EndProject
Project("{FAE04EC0-301F-11D3-BF4B-00C04F79EFBC}") = "03. Divide by 7 and 5", "03. Divide by 7 and 5\03. Divide by 7 and 5.csproj", "{E39D4973-5720-4482-88C8-6B5370631FF7}"
EndProject
Project("{FAE04EC0-301F-11D3-BF4B-00C04F79EFBC}") = "04. Rectangles", "04. Rectangles\04. Rectangles.csproj", "{3A6B5429-09E1-4AA6-8F50-E48E950828DE}"
EndProject
Global
	GlobalSection(SolutionConfigurationPlatforms) = preSolution
		Debug|Any CPU = Debug|Any CPU
		Release|Any CPU = Release|Any CPU
	EndGlobalSection
	GlobalSection(ProjectConfigurationPlatforms) = postSolution
		{B11DE933-FB13-4DC0-933A-E17C20F0CA14}.Debug|Any CPU.ActiveCfg = Debug|Any CPU
		{B11DE933-FB13-4DC0-933A-E17C20F0CA14}.Debug|Any CPU.Build.0 = Debug|Any CPU
		{B11DE933-FB13-4DC0-933A-E17C20F0CA14}.Release|Any CPU.ActiveCfg = Release|Any CPU
		{B11DE933-FB13-4DC0-933A-E17C20F0CA14}.Release|Any CPU.Build.0 = Release|Any CPU
		{1ADAA999-E0DB-4CB2-B32E-F3F638C7E439}.Debug|Any CPU.ActiveCfg = Debug|Any CPU
		{1ADAA999-E0DB-4CB2-B32E-F3F638C7E439}.Debug|Any CPU.Build.0 = Debug|Any CPU
		{1ADAA999-E0DB-4CB2-B32E-F3F638C7E439}.Release|Any CPU.ActiveCfg = Release|Any CPU
		{1ADAA999-E0DB-4CB2-B32E-F3F638C7E439}.Release|Any CPU.Build.0 = Release|Any CPU
		{E39D4973-5720-4482-88C8-6B5370631FF7}.Debug|Any CPU.ActiveCfg = Debug|Any CPU
		{E39D4973-5720-4482-88C8-6B5370631FF7}.Debug|Any CPU.Build.0 = Debug|Any CPU
		{E39D4973-5720-4482-88C8-6B5370631FF7}.Release|Any CPU.ActiveCfg = Release|Any CPU
		{E39D4973-5720-4482-88C8-6B5370631FF7}.Release|Any CPU.Build.0 = Release|Any CPU
		{3A6B5429-09E1-4AA6-8F50-E48E950828DE}.Debug|Any CPU.ActiveCfg = Debug|Any CPU
		{3A6B5429-09E1-4AA6-8F50-E48E950828DE}.Debug|Any CPU.Build.0 = Debug|Any CPU
		{3A6B5429-09E1-4AA6-8F50-E48E950828DE}.Release|Any CPU.ActiveCfg = Release|Any CPU
		{3A6B5429-09E1-4AA6-8F50-E48E950828DE}.Release|Any CPU.Build.0 = Release|Any CPU
	EndGlobalSection
	GlobalSection(SolutionProperties) = preSolution
		HideSolutionNode = FALSE
	EndGlobalSection
EndGlobal
