
Microsoft Visual Studio Solution File, Format Version 12.00
# Visual Studio 14
VisualStudioVersion = 14.0.25123.0
MinimumVisualStudioVersion = 10.0.40219.1
Project("{FAE04EC0-301F-11D3-BF4B-00C04F79EFBC}") = "01. Odd or Even", "01. Odd or Even\01. Odd or Even.csproj", "{B11DE933-FB13-4DC0-933A-E17C20F0CA14}"
EndProject
Project("{FAE04EC0-301F-11D3-BF4B-00C04F79EFBC}") = "02. Moon Gravity", "02. Moon Gravity\02. Moon Gravity.csproj", "{1ADAA999-E0DB-4CB2-B32E-F3F638C7E439}"
EndProject
Project("{FAE04EC0-301F-11D3-BF4B-00C04F79EFBC}") = "03. Divide by 7 and 5", "03. Divide by 7 and 5\03. Divide by 7 and 5.csproj", "{E39D4973-5720-4482-88C8-6B5370631FF7}"
EndProject
Project("{FAE04EC0-301F-11D3-BF4B-00C04F79EFBC}") = "04. Rectangles", "04. Rectangles\04. Rectangles.csproj", "{3A6B5429-09E1-4AA6-8F50-E48E950828DE}"
EndProject
Project("{FAE04EC0-301F-11D3-BF4B-00C04F79EFBC}") = "05. Third digit", "05. Third digit\05. Third digit.csproj", "{188F05D5-13DE-4CFF-A5FA-526FB7A16C8D}"
EndProject
Project("{FAE04EC0-301F-11D3-BF4B-00C04F79EFBC}") = "06. Four digits", "06. Four digits\06. Four digits.csproj", "{CED67F48-8720-49D0-B0DF-9E18DAAAFD00}"
EndProject
Project("{FAE04EC0-301F-11D3-BF4B-00C04F79EFBC}") = "07. Point in a circle", "07. Point in a circle\07. Point in a circle.csproj", "{0A9141FD-1D00-4477-BE48-99E443917765}"
EndProject
Project("{FAE04EC0-301F-11D3-BF4B-00C04F79EFBC}") = "08. Prime check", "08. Prime check\08. Prime check.csproj", "{91DAF9C5-B905-4121-A8CA-49C3AD8F2C15}"
EndProject
Project("{FAE04EC0-301F-11D3-BF4B-00C04F79EFBC}") = "09. Trapezoids", "09. Trapezoids\09. Trapezoids.csproj", "{3CFAEE3A-4882-4AEF-977A-24F8994F7E73}"
EndProject
Project("{FAE04EC0-301F-11D3-BF4B-00C04F79EFBC}") = "10. Point, Circle, Rectangle", "10. Point, Circle, Rectangle\10. Point, Circle, Rectangle.csproj", "{E0F4B4A5-A943-4E66-9559-3ABEF544D695}"
EndProject
Project("{FAE04EC0-301F-11D3-BF4B-00C04F79EFBC}") = "11. 3rd Bit", "11. 3rd Bit\11. 3rd Bit.csproj", "{1472C57E-A2A1-49BC-AD28-9F3C9047EC1C}"
EndProject
Project("{FAE04EC0-301F-11D3-BF4B-00C04F79EFBC}") = "12. N-th Bit", "12. N-th Bit\12. N-th Bit.csproj", "{C9AE6260-8CE4-401A-B435-BCBE854494CD}"
EndProject
Global
	GlobalSection(SolutionConfigurationPlatforms) = preSolution
		Debug|Any CPU = Debug|Any CPU
		Release|Any CPU = Release|Any CPU
	EndGlobalSection
	GlobalSection(ProjectConfigurationPlatforms) = postSolution
		{B11DE933-FB13-4DC0-933A-E17C20F0CA14}.Debug|Any CPU.ActiveCfg = Debug|Any CPU
		{B11DE933-FB13-4DC0-933A-E17C20F0CA14}.Debug|Any CPU.Build.0 = Debug|Any CPU
		{B11DE933-FB13-4DC0-933A-E17C20F0CA14}.Release|Any CPU.ActiveCfg = Release|Any CPU
		{B11DE933-FB13-4DC0-933A-E17C20F0CA14}.Release|Any CPU.Build.0 = Release|Any CPU
		{1ADAA999-E0DB-4CB2-B32E-F3F638C7E439}.Debug|Any CPU.ActiveCfg = Debug|Any CPU
		{1ADAA999-E0DB-4CB2-B32E-F3F638C7E439}.Debug|Any CPU.Build.0 = Debug|Any CPU
		{1ADAA999-E0DB-4CB2-B32E-F3F638C7E439}.Release|Any CPU.ActiveCfg = Release|Any CPU
		{1ADAA999-E0DB-4CB2-B32E-F3F638C7E439}.Release|Any CPU.Build.0 = Release|Any CPU
		{E39D4973-5720-4482-88C8-6B5370631FF7}.Debug|Any CPU.ActiveCfg = Debug|Any CPU
		{E39D4973-5720-4482-88C8-6B5370631FF7}.Debug|Any CPU.Build.0 = Debug|Any CPU
		{E39D4973-5720-4482-88C8-6B5370631FF7}.Release|Any CPU.ActiveCfg = Release|Any CPU
		{E39D4973-5720-4482-88C8-6B5370631FF7}.Release|Any CPU.Build.0 = Release|Any CPU
		{3A6B5429-09E1-4AA6-8F50-E48E950828DE}.Debug|Any CPU.ActiveCfg = Debug|Any CPU
		{3A6B5429-09E1-4AA6-8F50-E48E950828DE}.Debug|Any CPU.Build.0 = Debug|Any CPU
		{3A6B5429-09E1-4AA6-8F50-E48E950828DE}.Release|Any CPU.ActiveCfg = Release|Any CPU
		{3A6B5429-09E1-4AA6-8F50-E48E950828DE}.Release|Any CPU.Build.0 = Release|Any CPU
		{188F05D5-13DE-4CFF-A5FA-526FB7A16C8D}.Debug|Any CPU.ActiveCfg = Debug|Any CPU
		{188F05D5-13DE-4CFF-A5FA-526FB7A16C8D}.Debug|Any CPU.Build.0 = Debug|Any CPU
		{188F05D5-13DE-4CFF-A5FA-526FB7A16C8D}.Release|Any CPU.ActiveCfg = Release|Any CPU
		{188F05D5-13DE-4CFF-A5FA-526FB7A16C8D}.Release|Any CPU.Build.0 = Release|Any CPU
		{CED67F48-8720-49D0-B0DF-9E18DAAAFD00}.Debug|Any CPU.ActiveCfg = Debug|Any CPU
		{CED67F48-8720-49D0-B0DF-9E18DAAAFD00}.Debug|Any CPU.Build.0 = Debug|Any CPU
		{CED67F48-8720-49D0-B0DF-9E18DAAAFD00}.Release|Any CPU.ActiveCfg = Release|Any CPU
		{CED67F48-8720-49D0-B0DF-9E18DAAAFD00}.Release|Any CPU.Build.0 = Release|Any CPU
		{0A9141FD-1D00-4477-BE48-99E443917765}.Debug|Any CPU.ActiveCfg = Debug|Any CPU
		{0A9141FD-1D00-4477-BE48-99E443917765}.Debug|Any CPU.Build.0 = Debug|Any CPU
		{0A9141FD-1D00-4477-BE48-99E443917765}.Release|Any CPU.ActiveCfg = Release|Any CPU
		{0A9141FD-1D00-4477-BE48-99E443917765}.Release|Any CPU.Build.0 = Release|Any CPU
		{91DAF9C5-B905-4121-A8CA-49C3AD8F2C15}.Debug|Any CPU.ActiveCfg = Debug|Any CPU
		{91DAF9C5-B905-4121-A8CA-49C3AD8F2C15}.Debug|Any CPU.Build.0 = Debug|Any CPU
		{91DAF9C5-B905-4121-A8CA-49C3AD8F2C15}.Release|Any CPU.ActiveCfg = Release|Any CPU
		{91DAF9C5-B905-4121-A8CA-49C3AD8F2C15}.Release|Any CPU.Build.0 = Release|Any CPU
		{3CFAEE3A-4882-4AEF-977A-24F8994F7E73}.Debug|Any CPU.ActiveCfg = Debug|Any CPU
		{3CFAEE3A-4882-4AEF-977A-24F8994F7E73}.Debug|Any CPU.Build.0 = Debug|Any CPU
		{3CFAEE3A-4882-4AEF-977A-24F8994F7E73}.Release|Any CPU.ActiveCfg = Release|Any CPU
		{3CFAEE3A-4882-4AEF-977A-24F8994F7E73}.Release|Any CPU.Build.0 = Release|Any CPU
		{E0F4B4A5-A943-4E66-9559-3ABEF544D695}.Debug|Any CPU.ActiveCfg = Debug|Any CPU
		{E0F4B4A5-A943-4E66-9559-3ABEF544D695}.Debug|Any CPU.Build.0 = Debug|Any CPU
		{E0F4B4A5-A943-4E66-9559-3ABEF544D695}.Release|Any CPU.ActiveCfg = Release|Any CPU
		{E0F4B4A5-A943-4E66-9559-3ABEF544D695}.Release|Any CPU.Build.0 = Release|Any CPU
		{1472C57E-A2A1-49BC-AD28-9F3C9047EC1C}.Debug|Any CPU.ActiveCfg = Debug|Any CPU
		{1472C57E-A2A1-49BC-AD28-9F3C9047EC1C}.Debug|Any CPU.Build.0 = Debug|Any CPU
		{1472C57E-A2A1-49BC-AD28-9F3C9047EC1C}.Release|Any CPU.ActiveCfg = Release|Any CPU
		{1472C57E-A2A1-49BC-AD28-9F3C9047EC1C}.Release|Any CPU.Build.0 = Release|Any CPU
		{C9AE6260-8CE4-401A-B435-BCBE854494CD}.Debug|Any CPU.ActiveCfg = Debug|Any CPU
		{C9AE6260-8CE4-401A-B435-BCBE854494CD}.Debug|Any CPU.Build.0 = Debug|Any CPU
		{C9AE6260-8CE4-401A-B435-BCBE854494CD}.Release|Any CPU.ActiveCfg = Release|Any CPU
		{C9AE6260-8CE4-401A-B435-BCBE854494CD}.Release|Any CPU.Build.0 = Release|Any CPU
	EndGlobalSection
	GlobalSection(SolutionProperties) = preSolution
		HideSolutionNode = FALSE
	EndGlobalSection
EndGlobal
